// !$*UTF8*$!
{
	archiveVersion = 1;
	classes = {
	};
	objectVersion = 50;
	objects = {

/* Begin PBXBuildFile section */
		AF1FD4C12268EFD200EEB7EE /* ChessPlayer.swift in Sources */ = {isa = PBXBuildFile; fileRef = AF1FD4C02268EFD200EEB7EE /* ChessPlayer.swift */; };
		AF1FD4C52268F22B00EEB7EE /* GameBoardViewController.swift in Sources */ = {isa = PBXBuildFile; fileRef = AF1FD4C42268F22B00EEB7EE /* GameBoardViewController.swift */; };
		AF83501122683A6100F314F1 /* AppDelegate.swift in Sources */ = {isa = PBXBuildFile; fileRef = AF83501022683A6100F314F1 /* AppDelegate.swift */; };
		AF83501822683A6400F314F1 /* Assets.xcassets in Resources */ = {isa = PBXBuildFile; fileRef = AF83501722683A6400F314F1 /* Assets.xcassets */; };
		AF83501B22683A6400F314F1 /* LaunchScreen.storyboard in Resources */ = {isa = PBXBuildFile; fileRef = AF83501922683A6400F314F1 /* LaunchScreen.storyboard */; };
/* End PBXBuildFile section */

/* Begin PBXFileReference section */
		AF1FD4C02268EFD200EEB7EE /* ChessPlayer.swift */ = {isa = PBXFileReference; lastKnownFileType = sourcecode.swift; path = ChessPlayer.swift; sourceTree = "<group>"; };
		AF1FD4C42268F22B00EEB7EE /* GameBoardViewController.swift */ = {isa = PBXFileReference; lastKnownFileType = sourcecode.swift; path = GameBoardViewController.swift; sourceTree = "<group>"; };
		AF83500D22683A6100F314F1 /* Chess vs. Checkers.app */ = {isa = PBXFileReference; explicitFileType = wrapper.application; includeInIndex = 0; path = "Chess vs. Checkers.app"; sourceTree = BUILT_PRODUCTS_DIR; };
		AF83501022683A6100F314F1 /* AppDelegate.swift */ = {isa = PBXFileReference; lastKnownFileType = sourcecode.swift; path = AppDelegate.swift; sourceTree = "<group>"; };
		AF83501722683A6400F314F1 /* Assets.xcassets */ = {isa = PBXFileReference; lastKnownFileType = folder.assetcatalog; path = Assets.xcassets; sourceTree = "<group>"; };
		AF83501A22683A6400F314F1 /* Base */ = {isa = PBXFileReference; lastKnownFileType = file.storyboard; name = Base; path = Base.lproj/LaunchScreen.storyboard; sourceTree = "<group>"; };
		AF83501C22683A6400F314F1 /* Info.plist */ = {isa = PBXFileReference; lastKnownFileType = text.plist.xml; path = Info.plist; sourceTree = "<group>"; };
/* End PBXFileReference section */

/* Begin PBXFrameworksBuildPhase section */
		AF83500A22683A6100F314F1 /* Frameworks */ = {
			isa = PBXFrameworksBuildPhase;
			buildActionMask = 2147483647;
			files = (
			);
			runOnlyForDeploymentPostprocessing = 0;
		};
/* End PBXFrameworksBuildPhase section */

/* Begin PBXGroup section */
		AF1FD4BF2268EEFC00EEB7EE /* Model */ = {
			isa = PBXGroup;
			children = (
				AF1FD4C02268EFD200EEB7EE /* ChessPlayer.swift */,
			);
			path = Model;
			sourceTree = "<group>";
		};
		AF1FD4C22268F1DE00EEB7EE /* ViewController */ = {
			isa = PBXGroup;
			children = (
				AF1FD4C42268F22B00EEB7EE /* GameBoardViewController.swift */,
			);
			path = ViewController;
			sourceTree = "<group>";
		};
		AF1FD4C32268F1E900EEB7EE /* ModelController */ = {
			isa = PBXGroup;
			children = (
			);
			path = ModelController;
			sourceTree = "<group>";
		};
		AF83500422683A6100F314F1 = {
			isa = PBXGroup;
			children = (
				AF1FD4C32268F1E900EEB7EE /* ModelController */,
				AF1FD4C22268F1DE00EEB7EE /* ViewController */,
				AF1FD4BF2268EEFC00EEB7EE /* Model */,
				AF83500F22683A6100F314F1 /* Chess vs. Checkers */,
				AF83500E22683A6100F314F1 /* Products */,
			);
			sourceTree = "<group>";
		};
		AF83500E22683A6100F314F1 /* Products */ = {
			isa = PBXGroup;
			children = (
				AF83500D22683A6100F314F1 /* Chess vs. Checkers.app */,
			);
			name = Products;
			sourceTree = "<group>";
		};
		AF83500F22683A6100F314F1 /* Chess vs. Checkers */ = {
			isa = PBXGroup;
			children = (
				AF83501022683A6100F314F1 /* AppDelegate.swift */,
				AF83501722683A6400F314F1 /* Assets.xcassets */,
				AF83501922683A6400F314F1 /* LaunchScreen.storyboard */,
				AF83501C22683A6400F314F1 /* Info.plist */,
			);
			path = "Chess vs. Checkers";
			sourceTree = "<group>";
		};
/* End PBXGroup section */

/* Begin PBXNativeTarget section */
		AF83500C22683A6100F314F1 /* Chess vs. Checkers */ = {
			isa = PBXNativeTarget;
			buildConfigurationList = AF83501F22683A6400F314F1 /* Build configuration list for PBXNativeTarget "Chess vs. Checkers" */;
			buildPhases = (
				AF83500922683A6100F314F1 /* Sources */,
				AF83500A22683A6100F314F1 /* Frameworks */,
				AF83500B22683A6100F314F1 /* Resources */,
			);
			buildRules = (
			);
			dependencies = (
			);
			name = "Chess vs. Checkers";
			productName = "Chess vs. Checkers";
			productReference = AF83500D22683A6100F314F1 /* Chess vs. Checkers.app */;
			productType = "com.apple.product-type.application";
		};
/* End PBXNativeTarget section */

/* Begin PBXProject section */
		AF83500522683A6100F314F1 /* Project object */ = {
			isa = PBXProject;
			attributes = {
				LastSwiftUpdateCheck = 1020;
				LastUpgradeCheck = 1020;
				ORGANIZATIONNAME = "Colin Smith";
				TargetAttributes = {
					AF83500C22683A6100F314F1 = {
						CreatedOnToolsVersion = 10.2;
					};
				};
			};
			buildConfigurationList = AF83500822683A6100F314F1 /* Build configuration list for PBXProject "Chess vs. Checkers" */;
			compatibilityVersion = "Xcode 9.3";
			developmentRegion = en;
			hasScannedForEncodings = 0;
			knownRegions = (
				en,
				Base,
			);
			mainGroup = AF83500422683A6100F314F1;
			productRefGroup = AF83500E22683A6100F314F1 /* Products */;
			projectDirPath = "";
			projectRoot = "";
			targets = (
				AF83500C22683A6100F314F1 /* Chess vs. Checkers */,
			);
		};
/* End PBXProject section */

/* Begin PBXResourcesBuildPhase section */
		AF83500B22683A6100F314F1 /* Resources */ = {
			isa = PBXResourcesBuildPhase;
			buildActionMask = 2147483647;
			files = (
				AF83501B22683A6400F314F1 /* LaunchScreen.storyboard in Resources */,
				AF83501822683A6400F314F1 /* Assets.xcassets in Resources */,
			);
			runOnlyForDeploymentPostprocessing = 0;
		};
/* End PBXResourcesBuildPhase section */

/* Begin PBXSourcesBuildPhase section */
		AF83500922683A6100F314F1 /* Sources */ = {
			isa = PBXSourcesBuildPhase;
			buildActionMask = 2147483647;
			files = (
				AF83501122683A6100F314F1 /* AppDelegate.swift in Sources */,
				AF1FD4C52268F22B00EEB7EE /* GameBoardViewController.swift in Sources */,
				AF1FD4C12268EFD200EEB7EE /* ChessPlayer.swift in Sources */,
			);
			runOnlyForDeploymentPostprocessing = 0;
		};
/* End PBXSourcesBuildPhase section */

/* Begin PBXVariantGroup section */
		AF83501922683A6400F314F1 /* LaunchScreen.storyboard */ = {
			isa = PBXVariantGroup;
			children = (
				AF83501A22683A6400F314F1 /* Base */,
			);
			name = LaunchScreen.storyboard;
			sourceTree = "<group>";
		};
/* End PBXVariantGroup section */

/* Begin XCBuildConfiguration section */
		AF83501D22683A6400F314F1 /* Debug */ = {
			isa = XCBuildConfiguration;
			buildSettings = {
				ALWAYS_SEARCH_USER_PATHS = NO;
				CLANG_ANALYZER_NONNULL = YES;
				CLANG_ANALYZER_NUMBER_OBJECT_CONVERSION = YES_AGGRESSIVE;
				CLANG_CXX_LANGUAGE_STANDARD = "gnu++14";
				CLANG_CXX_LIBRARY = "libc++";
				CLANG_ENABLE_MODULES = YES;
				CLANG_ENABLE_OBJC_ARC = YES;
				CLANG_ENABLE_OBJC_WEAK = YES;
				CLANG_WARN_BLOCK_CAPTURE_AUTORELEASING = YES;
				CLANG_WARN_BOOL_CONVERSION = YES;
				CLANG_WARN_COMMA = YES;
				CLANG_WARN_CONSTANT_CONVERSION = YES;
				CLANG_WARN_DEPRECATED_OBJC_IMPLEMENTATIONS = YES;
				CLANG_WARN_DIRECT_OBJC_ISA_USAGE = YES_ERROR;
				CLANG_WARN_DOCUMENTATION_COMMENTS = YES;
				CLANG_WARN_EMPTY_BODY = YES;
				CLANG_WARN_ENUM_CONVERSION = YES;
				CLANG_WARN_INFINITE_RECURSION = YES;
				CLANG_WARN_INT_CONVERSION = YES;
				CLANG_WARN_NON_LITERAL_NULL_CONVERSION = YES;
				CLANG_WARN_OBJC_IMPLICIT_RETAIN_SELF = YES;
				CLANG_WARN_OBJC_LITERAL_CONVERSION = YES;
				CLANG_WARN_OBJC_ROOT_CLASS = YES_ERROR;
				CLANG_WARN_RANGE_LOOP_ANALYSIS = YES;
				CLANG_WARN_STRICT_PROTOTYPES = YES;
				CLANG_WARN_SUSPICIOUS_MOVE = YES;
				CLANG_WARN_UNGUARDED_AVAILABILITY = YES_AGGRESSIVE;
				CLANG_WARN_UNREACHABLE_CODE = YES;
				CLANG_WARN__DUPLICATE_METHOD_MATCH = YES;
				CODE_SIGN_IDENTITY = "iPhone Developer";
				COPY_PHASE_STRIP = NO;
				DEBUG_INFORMATION_FORMAT = dwarf;
				ENABLE_STRICT_OBJC_MSGSEND = YES;
				ENABLE_TESTABILITY = YES;
				GCC_C_LANGUAGE_STANDARD = gnu11;
				GCC_DYNAMIC_NO_PIC = NO;
				GCC_NO_COMMON_BLOCKS = YES;
				GCC_OPTIMIZATION_LEVEL = 0;
				GCC_PREPROCESSOR_DEFINITIONS = (
					"DEBUG=1",
					"$(inherited)",
				);
				GCC_WARN_64_TO_32_BIT_CONVERSION = YES;
				GCC_WARN_ABOUT_RETURN_TYPE = YES_ERROR;
				GCC_WARN_UNDECLARED_SELECTOR = YES;
				GCC_WARN_UNINITIALIZED_AUTOS = YES_AGGRESSIVE;
				GCC_WARN_UNUSED_FUNCTION = YES;
				GCC_WARN_UNUSED_VARIABLE = YES;
				IPHONEOS_DEPLOYMENT_TARGET = 12.2;
				MTL_ENABLE_DEBUG_INFO = INCLUDE_SOURCE;
				MTL_FAST_MATH = YES;
				ONLY_ACTIVE_ARCH = YES;
				SDKROOT = iphoneos;
				SWIFT_ACTIVE_COMPILATION_CONDITIONS = DEBUG;
				SWIFT_OPTIMIZATION_LEVEL = "-Onone";
			};
			name = Debug;
		};
		AF83501E22683A6400F314F1 /* Release */ = {
			isa = XCBuildConfiguration;
			buildSettings = {
				ALWAYS_SEARCH_USER_PATHS = NO;
				CLANG_ANALYZER_NONNULL = YES;
				CLANG_ANALYZER_NUMBER_OBJECT_CONVERSION = YES_AGGRESSIVE;
				CLANG_CXX_LANGUAGE_STANDARD = "gnu++14";
				CLANG_CXX_LIBRARY = "libc++";
				CLANG_ENABLE_MODULES = YES;
				CLANG_ENABLE_OBJC_ARC = YES;
				CLANG_ENABLE_OBJC_WEAK = YES;
				CLANG_WARN_BLOCK_CAPTURE_AUTORELEASING = YES;
				CLANG_WARN_BOOL_CONVERSION = YES;
				CLANG_WARN_COMMA = YES;
				CLANG_WARN_CONSTANT_CONVERSION = YES;
				CLANG_WARN_DEPRECATED_OBJC_IMPLEMENTATIONS = YES;
				CLANG_WARN_DIRECT_OBJC_ISA_USAGE = YES_ERROR;
				CLANG_WARN_DOCUMENTATION_COMMENTS = YES;
				CLANG_WARN_EMPTY_BODY = YES;
				CLANG_WARN_ENUM_CONVERSION = YES;
				CLANG_WARN_INFINITE_RECURSION = YES;
				CLANG_WARN_INT_CONVERSION = YES;
				CLANG_WARN_NON_LITERAL_NULL_CONVERSION = YES;
				CLANG_WARN_OBJC_IMPLICIT_RETAIN_SELF = YES;
				CLANG_WARN_OBJC_LITERAL_CONVERSION = YES;
				CLANG_WARN_OBJC_ROOT_CLASS = YES_ERROR;
				CLANG_WARN_RANGE_LOOP_ANALYSIS = YES;
				CLANG_WARN_STRICT_PROTOTYPES = YES;
				CLANG_WARN_SUSPICIOUS_MOVE = YES;
				CLANG_WARN_UNGUARDED_AVAILABILITY = YES_AGGRESSIVE;
				CLANG_WARN_UNREACHABLE_CODE = YES;
				CLANG_WARN__DUPLICATE_METHOD_MATCH = YES;
				CODE_SIGN_IDENTITY = "iPhone Developer";
				COPY_PHASE_STRIP = NO;
				DEBUG_INFORMATION_FORMAT = "dwarf-with-dsym";
				ENABLE_NS_ASSERTIONS = NO;
				ENABLE_STRICT_OBJC_MSGSEND = YES;
				GCC_C_LANGUAGE_STANDARD = gnu11;
				GCC_NO_COMMON_BLOCKS = YES;
				GCC_WARN_64_TO_32_BIT_CONVERSION = YES;
				GCC_WARN_ABOUT_RETURN_TYPE = YES_ERROR;
				GCC_WARN_UNDECLARED_SELECTOR = YES;
				GCC_WARN_UNINITIALIZED_AUTOS = YES_AGGRESSIVE;
				GCC_WARN_UNUSED_FUNCTION = YES;
				GCC_WARN_UNUSED_VARIABLE = YES;
				IPHONEOS_DEPLOYMENT_TARGET = 12.2;
				MTL_ENABLE_DEBUG_INFO = NO;
				MTL_FAST_MATH = YES;
				SDKROOT = iphoneos;
				SWIFT_COMPILATION_MODE = wholemodule;
				SWIFT_OPTIMIZATION_LEVEL = "-O";
				VALIDATE_PRODUCT = YES;
			};
			name = Release;
		};
		AF83502022683A6400F314F1 /* Debug */ = {
			isa = XCBuildConfiguration;
			buildSettings = {
				ASSETCATALOG_COMPILER_APPICON_NAME = AppIcon;
				CODE_SIGN_STYLE = Automatic;
				DEVELOPMENT_TEAM = 2779EQ3QB6;
				INFOPLIST_FILE = "Chess vs. Checkers/Info.plist";
				LD_RUNPATH_SEARCH_PATHS = (
					"$(inherited)",
					"@executable_path/Frameworks",
				);
				PRODUCT_BUNDLE_IDENTIFIER = "com.colinsmith.Chess-vs--Checkers";
				PRODUCT_NAME = "$(TARGET_NAME)";
				SWIFT_VERSION = 5.0;
				TARGETED_DEVICE_FAMILY = "1,2";
			};
			name = Debug;
		};
		AF83502122683A6400F314F1 /* Release */ = {
			isa = XCBuildConfiguration;
			buildSettings = {
				ASSETCATALOG_COMPILER_APPICON_NAME = AppIcon;
				CODE_SIGN_STYLE = Automatic;
				DEVELOPMENT_TEAM = 2779EQ3QB6;
				INFOPLIST_FILE = "Chess vs. Checkers/Info.plist";
				LD_RUNPATH_SEARCH_PATHS = (
					"$(inherited)",
					"@executable_path/Frameworks",
				);
				PRODUCT_BUNDLE_IDENTIFIER = "com.colinsmith.Chess-vs--Checkers";
				PRODUCT_NAME = "$(TARGET_NAME)";
				SWIFT_VERSION = 5.0;
				TARGETED_DEVICE_FAMILY = "1,2";
			};
			name = Release;
		};
/* End XCBuildConfiguration section */

/* Begin XCConfigurationList section */
		AF83500822683A6100F314F1 /* Build configuration list for PBXProject "Chess vs. Checkers" */ = {
			isa = XCConfigurationList;
			buildConfigurations = (
				AF83501D22683A6400F314F1 /* Debug */,
				AF83501E22683A6400F314F1 /* Release */,
			);
			defaultConfigurationIsVisible = 0;
			defaultConfigurationName = Release;
		};
		AF83501F22683A6400F314F1 /* Build configuration list for PBXNativeTarget "Chess vs. Checkers" */ = {
			isa = XCConfigurationList;
			buildConfigurations = (
				AF83502022683A6400F314F1 /* Debug */,
				AF83502122683A6400F314F1 /* Release */,
			);
			defaultConfigurationIsVisible = 0;
			defaultConfigurationName = Release;
		};
/* End XCConfigurationList section */
	};
	rootObject = AF83500522683A6100F314F1 /* Project object */;
}
